
Microsoft Visual Studio Solution File, Format Version 12.00
# Visual Studio 15
VisualStudioVersion = 15.0.27703.2000
MinimumVisualStudioVersion = 10.0.40219.1
Project("{FAE04EC0-301F-11D3-BF4B-00C04F79EFBC}") = "Lahjakorttiappi", "Lahjakorttiappi\Lahjakorttiappi.csproj", "{DF78ED59-2853-4490-BB6D-80184DD58E5D}"
EndProject
Global
	GlobalSection(SolutionConfigurationPlatforms) = preSolution
		Debug|Any CPU = Debug|Any CPU
		Release|Any CPU = Release|Any CPU
	EndGlobalSection
	GlobalSection(ProjectConfigurationPlatforms) = postSolution
		{DF78ED59-2853-4490-BB6D-80184DD58E5D}.Debug|Any CPU.ActiveCfg = Debug|Any CPU
		{DF78ED59-2853-4490-BB6D-80184DD58E5D}.Debug|Any CPU.Build.0 = Debug|Any CPU
		{DF78ED59-2853-4490-BB6D-80184DD58E5D}.Release|Any CPU.ActiveCfg = Release|Any CPU
		{DF78ED59-2853-4490-BB6D-80184DD58E5D}.Release|Any CPU.Build.0 = Release|Any CPU
	EndGlobalSection
	GlobalSection(SolutionProperties) = preSolution
		HideSolutionNode = FALSE
	EndGlobalSection
	GlobalSection(ExtensibilityGlobals) = postSolution
		SolutionGuid = {5B893227-2449-4A2A-8609-8CAA932AB2A9}
	EndGlobalSection
EndGlobal
